
Microsoft Visual Studio Solution File, Format Version 12.00
# Visual Studio Version 16
VisualStudioVersion = 16.0.29926.136
MinimumVisualStudioVersion = 10.0.40219.1
Project("{FAE04EC0-301F-11D3-BF4B-00C04F79EFBC}") = "RSA-Test-1", "RSA-Test-1\RSA-Test-1.csproj", "{16149AF9-322D-47DD-9DE5-8E6DEDEF487F}"
EndProject
Global
	GlobalSection(SolutionConfigurationPlatforms) = preSolution
		Debug|Any CPU = Debug|Any CPU
		Release|Any CPU = Release|Any CPU
	EndGlobalSection
	GlobalSection(ProjectConfigurationPlatforms) = postSolution
		{16149AF9-322D-47DD-9DE5-8E6DEDEF487F}.Debug|Any CPU.ActiveCfg = Debug|Any CPU
		{16149AF9-322D-47DD-9DE5-8E6DEDEF487F}.Debug|Any CPU.Build.0 = Debug|Any CPU
		{16149AF9-322D-47DD-9DE5-8E6DEDEF487F}.Release|Any CPU.ActiveCfg = Release|Any CPU
		{16149AF9-322D-47DD-9DE5-8E6DEDEF487F}.Release|Any CPU.Build.0 = Release|Any CPU
	EndGlobalSection
	GlobalSection(SolutionProperties) = preSolution
		HideSolutionNode = FALSE
	EndGlobalSection
	GlobalSection(ExtensibilityGlobals) = postSolution
		SolutionGuid = {A249F180-8989-4B62-A5EA-C73CE6925AFD}
	EndGlobalSection
EndGlobal
